// !$*UTF8*$!
{
	archiveVersion = 1;
	classes = {
	};
	objectVersion = 46;
	objects = {

/* Begin PBXBuildFile section */
		378741401C3A0592006CC723 /* main.m in Sources */ = {isa = PBXBuildFile; fileRef = 3787413F1C3A0592006CC723 /* main.m */; };
		378741431C3A0592006CC723 /* AppDelegate.m in Sources */ = {isa = PBXBuildFile; fileRef = 378741421C3A0592006CC723 /* AppDelegate.m */; };
		378741461C3A0592006CC723 /* ViewController.m in Sources */ = {isa = PBXBuildFile; fileRef = 378741451C3A0592006CC723 /* ViewController.m */; };
		378741491C3A0592006CC723 /* Main.storyboard in Resources */ = {isa = PBXBuildFile; fileRef = 378741471C3A0592006CC723 /* Main.storyboard */; };
		3787414B1C3A0592006CC723 /* Assets.xcassets in Resources */ = {isa = PBXBuildFile; fileRef = 3787414A1C3A0592006CC723 /* Assets.xcassets */; };
		3787414E1C3A0592006CC723 /* LaunchScreen.storyboard in Resources */ = {isa = PBXBuildFile; fileRef = 3787414C1C3A0592006CC723 /* LaunchScreen.storyboard */; };
		378741581C3A05ED006CC723 /* CHNBootstrapButton.m in Sources */ = {isa = PBXBuildFile; fileRef = 378741571C3A05ED006CC723 /* CHNBootstrapButton.m */; };
/* End PBXBuildFile section */

/* Begin PBXFileReference section */
		3787413B1C3A0592006CC723 /* CHNBootStrapButton.app */ = {isa = PBXFileReference; explicitFileType = wrapper.application; includeInIndex = 0; path = CHNBootStrapButton.app; sourceTree = BUILT_PRODUCTS_DIR; };
		3787413F1C3A0592006CC723 /* main.m */ = {isa = PBXFileReference; lastKnownFileType = sourcecode.c.objc; path = main.m; sourceTree = "<group>"; };
		378741411C3A0592006CC723 /* AppDelegate.h */ = {isa = PBXFileReference; lastKnownFileType = sourcecode.c.h; path = AppDelegate.h; sourceTree = "<group>"; };
		378741421C3A0592006CC723 /* AppDelegate.m */ = {isa = PBXFileReference; lastKnownFileType = sourcecode.c.objc; path = AppDelegate.m; sourceTree = "<group>"; };
		378741441C3A0592006CC723 /* ViewController.h */ = {isa = PBXFileReference; lastKnownFileType = sourcecode.c.h; path = ViewController.h; sourceTree = "<group>"; };
		378741451C3A0592006CC723 /* ViewController.m */ = {isa = PBXFileReference; lastKnownFileType = sourcecode.c.objc; path = ViewController.m; sourceTree = "<group>"; };
		378741481C3A0592006CC723 /* Base */ = {isa = PBXFileReference; lastKnownFileType = file.storyboard; name = Base; path = Base.lproj/Main.storyboard; sourceTree = "<group>"; };
		3787414A1C3A0592006CC723 /* Assets.xcassets */ = {isa = PBXFileReference; lastKnownFileType = folder.assetcatalog; path = Assets.xcassets; sourceTree = "<group>"; };
		3787414D1C3A0592006CC723 /* Base */ = {isa = PBXFileReference; lastKnownFileType = file.storyboard; name = Base; path = Base.lproj/LaunchScreen.storyboard; sourceTree = "<group>"; };
		3787414F1C3A0592006CC723 /* Info.plist */ = {isa = PBXFileReference; lastKnownFileType = text.plist.xml; path = Info.plist; sourceTree = "<group>"; };
		378741561C3A05ED006CC723 /* CHNBootstrapButton.h */ = {isa = PBXFileReference; fileEncoding = 4; lastKnownFileType = sourcecode.c.h; path = CHNBootstrapButton.h; sourceTree = "<group>"; };
		378741571C3A05ED006CC723 /* CHNBootstrapButton.m */ = {isa = PBXFileReference; fileEncoding = 4; lastKnownFileType = sourcecode.c.objc; path = CHNBootstrapButton.m; sourceTree = "<group>"; };
/* End PBXFileReference section */

/* Begin PBXFrameworksBuildPhase section */
		378741381C3A0592006CC723 /* Frameworks */ = {
			isa = PBXFrameworksBuildPhase;
			buildActionMask = 2147483647;
			files = (
			);
			runOnlyForDeploymentPostprocessing = 0;
		};
/* End PBXFrameworksBuildPhase section */

/* Begin PBXGroup section */
		378741321C3A0592006CC723 = {
			isa = PBXGroup;
			children = (
				3787413D1C3A0592006CC723 /* CHNBootStrapButton */,
				3787413C1C3A0592006CC723 /* Products */,
			);
			sourceTree = "<group>";
		};
		3787413C1C3A0592006CC723 /* Products */ = {
			isa = PBXGroup;
			children = (
				3787413B1C3A0592006CC723 /* CHNBootStrapButton.app */,
			);
			name = Products;
			sourceTree = "<group>";
		};
		3787413D1C3A0592006CC723 /* CHNBootStrapButton */ = {
			isa = PBXGroup;
			children = (
				378741551C3A05ED006CC723 /* CHNBootstrapButton */,
				378741411C3A0592006CC723 /* AppDelegate.h */,
				378741421C3A0592006CC723 /* AppDelegate.m */,
				378741441C3A0592006CC723 /* ViewController.h */,
				378741451C3A0592006CC723 /* ViewController.m */,
				378741471C3A0592006CC723 /* Main.storyboard */,
				3787414A1C3A0592006CC723 /* Assets.xcassets */,
				3787414C1C3A0592006CC723 /* LaunchScreen.storyboard */,
				3787414F1C3A0592006CC723 /* Info.plist */,
				3787413E1C3A0592006CC723 /* Supporting Files */,
			);
			path = CHNBootStrapButton;
			sourceTree = "<group>";
		};
		3787413E1C3A0592006CC723 /* Supporting Files */ = {
			isa = PBXGroup;
			children = (
				3787413F1C3A0592006CC723 /* main.m */,
			);
			name = "Supporting Files";
			sourceTree = "<group>";
		};
		378741551C3A05ED006CC723 /* CHNBootstrapButton */ = {
			isa = PBXGroup;
			children = (
				378741561C3A05ED006CC723 /* CHNBootstrapButton.h */,
				378741571C3A05ED006CC723 /* CHNBootstrapButton.m */,
			);
			path = CHNBootstrapButton;
			sourceTree = "<group>";
		};
/* End PBXGroup section */

/* Begin PBXNativeTarget section */
		3787413A1C3A0592006CC723 /* CHNBootStrapButton */ = {
			isa = PBXNativeTarget;
			buildConfigurationList = 378741521C3A0592006CC723 /* Build configuration list for PBXNativeTarget "CHNBootStrapButton" */;
			buildPhases = (
				378741371C3A0592006CC723 /* Sources */,
				378741381C3A0592006CC723 /* Frameworks */,
				378741391C3A0592006CC723 /* Resources */,
			);
			buildRules = (
			);
			dependencies = (
			);
			name = CHNBootStrapButton;
			productName = CHNBootStrapButton;
			productReference = 3787413B1C3A0592006CC723 /* CHNBootStrapButton.app */;
			productType = "com.apple.product-type.application";
		};
/* End PBXNativeTarget section */

/* Begin PBXProject section */
		378741331C3A0592006CC723 /* Project object */ = {
			isa = PBXProject;
			attributes = {
				LastUpgradeCheck = 0720;
				ORGANIZATIONNAME = "Chen Bin";
				TargetAttributes = {
					3787413A1C3A0592006CC723 = {
						CreatedOnToolsVersion = 7.2;
						DevelopmentTeam = FNU4XW7U24;
					};
				};
			};
			buildConfigurationList = 378741361C3A0592006CC723 /* Build configuration list for PBXProject "CHNBootStrapButton" */;
			compatibilityVersion = "Xcode 3.2";
			developmentRegion = English;
			hasScannedForEncodings = 0;
			knownRegions = (
				en,
				Base,
			);
			mainGroup = 378741321C3A0592006CC723;
			productRefGroup = 3787413C1C3A0592006CC723 /* Products */;
			projectDirPath = "";
			projectRoot = "";
			targets = (
				3787413A1C3A0592006CC723 /* CHNBootStrapButton */,
			);
		};
/* End PBXProject section */

/* Begin PBXResourcesBuildPhase section */
		378741391C3A0592006CC723 /* Resources */ = {
			isa = PBXResourcesBuildPhase;
			buildActionMask = 2147483647;
			files = (
				3787414E1C3A0592006CC723 /* LaunchScreen.storyboard in Resources */,
				3787414B1C3A0592006CC723 /* Assets.xcassets in Resources */,
				378741491C3A0592006CC723 /* Main.storyboard in Resources */,
			);
			runOnlyForDeploymentPostprocessing = 0;
		};
/* End PBXResourcesBuildPhase section */

/* Begin PBXSourcesBuildPhase section */
		378741371C3A0592006CC723 /* Sources */ = {
			isa = PBXSourcesBuildPhase;
			buildActionMask = 2147483647;
			files = (
				378741461C3A0592006CC723 /* ViewController.m in Sources */,
				378741431C3A0592006CC723 /* AppDelegate.m in Sources */,
				378741581C3A05ED006CC723 /* CHNBootstrapButton.m in Sources */,
				378741401C3A0592006CC723 /* main.m in Sources */,
			);
			runOnlyForDeploymentPostprocessing = 0;
		};
/* End PBXSourcesBuildPhase section */

/* Begin PBXVariantGroup section */
		378741471C3A0592006CC723 /* Main.storyboard */ = {
			isa = PBXVariantGroup;
			children = (
				378741481C3A0592006CC723 /* Base */,
			);
			name = Main.storyboard;
			sourceTree = "<group>";
		};
		3787414C1C3A0592006CC723 /* LaunchScreen.storyboard */ = {
			isa = PBXVariantGroup;
			children = (
				3787414D1C3A0592006CC723 /* Base */,
			);
			name = LaunchScreen.storyboard;
			sourceTree = "<group>";
		};
/* End PBXVariantGroup section */

/* Begin XCBuildConfiguration section */
		378741501C3A0592006CC723 /* Debug */ = {
			isa = XCBuildConfiguration;
			buildSettings = {
				ALWAYS_SEARCH_USER_PATHS = NO;
				CLANG_CXX_LANGUAGE_STANDARD = "gnu++0x";
				CLANG_CXX_LIBRARY = "libc++";
				CLANG_ENABLE_MODULES = YES;
				CLANG_ENABLE_OBJC_ARC = YES;
				CLANG_WARN_BOOL_CONVERSION = YES;
				CLANG_WARN_CONSTANT_CONVERSION = YES;
				CLANG_WARN_DIRECT_OBJC_ISA_USAGE = YES_ERROR;
				CLANG_WARN_EMPTY_BODY = YES;
				CLANG_WARN_ENUM_CONVERSION = YES;
				CLANG_WARN_INT_CONVERSION = YES;
				CLANG_WARN_OBJC_ROOT_CLASS = YES_ERROR;
				CLANG_WARN_UNREACHABLE_CODE = YES;
				CLANG_WARN__DUPLICATE_METHOD_MATCH = YES;
				"CODE_SIGN_IDENTITY[sdk=iphoneos*]" = "iPhone Developer";
				COPY_PHASE_STRIP = NO;
				DEBUG_INFORMATION_FORMAT = dwarf;
				ENABLE_STRICT_OBJC_MSGSEND = YES;
				ENABLE_TESTABILITY = YES;
				GCC_C_LANGUAGE_STANDARD = gnu99;
				GCC_DYNAMIC_NO_PIC = NO;
				GCC_NO_COMMON_BLOCKS = YES;
				GCC_OPTIMIZATION_LEVEL = 0;
				GCC_PREPROCESSOR_DEFINITIONS = (
					"DEBUG=1",
					"$(inherited)",
				);
				GCC_WARN_64_TO_32_BIT_CONVERSION = YES;
				GCC_WARN_ABOUT_RETURN_TYPE = YES_ERROR;
				GCC_WARN_UNDECLARED_SELECTOR = YES;
				GCC_WARN_UNINITIALIZED_AUTOS = YES_AGGRESSIVE;
				GCC_WARN_UNUSED_FUNCTION = YES;
				GCC_WARN_UNUSED_VARIABLE = YES;
				IPHONEOS_DEPLOYMENT_TARGET = 8.3;
				MTL_ENABLE_DEBUG_INFO = YES;
				ONLY_ACTIVE_ARCH = YES;
				SDKROOT = iphoneos;
			};
			name = Debug;
		};
		378741511C3A0592006CC723 /* Release */ = {
			isa = XCBuildConfiguration;
			buildSettings = {
				ALWAYS_SEARCH_USER_PATHS = NO;
				CLANG_CXX_LANGUAGE_STANDARD = "gnu++0x";
				CLANG_CXX_LIBRARY = "libc++";
				CLANG_ENABLE_MODULES = YES;
				CLANG_ENABLE_OBJC_ARC = YES;
				CLANG_WARN_BOOL_CONVERSION = YES;
				CLANG_WARN_CONSTANT_CONVERSION = YES;
				CLANG_WARN_DIRECT_OBJC_ISA_USAGE = YES_ERROR;
				CLANG_WARN_EMPTY_BODY = YES;
				CLANG_WARN_ENUM_CONVERSION = YES;
				CLANG_WARN_INT_CONVERSION = YES;
				CLANG_WARN_OBJC_ROOT_CLASS = YES_ERROR;
				CLANG_WARN_UNREACHABLE_CODE = YES;
				CLANG_WARN__DUPLICATE_METHOD_MATCH = YES;
				"CODE_SIGN_IDENTITY[sdk=iphoneos*]" = "iPhone Developer";
				COPY_PHASE_STRIP = NO;
				DEBUG_INFORMATION_FORMAT = "dwarf-with-dsym";
				ENABLE_NS_ASSERTIONS = NO;
				ENABLE_STRICT_OBJC_MSGSEND = YES;
				GCC_C_LANGUAGE_STANDARD = gnu99;
				GCC_NO_COMMON_BLOCKS = YES;
				GCC_WARN_64_TO_32_BIT_CONVERSION = YES;
				GCC_WARN_ABOUT_RETURN_TYPE = YES_ERROR;
				GCC_WARN_UNDECLARED_SELECTOR = YES;
				GCC_WARN_UNINITIALIZED_AUTOS = YES_AGGRESSIVE;
				GCC_WARN_UNUSED_FUNCTION = YES;
				GCC_WARN_UNUSED_VARIABLE = YES;
				IPHONEOS_DEPLOYMENT_TARGET = 8.3;
				MTL_ENABLE_DEBUG_INFO = NO;
				SDKROOT = iphoneos;
				VALIDATE_PRODUCT = YES;
			};
			name = Release;
		};
		378741531C3A0592006CC723 /* Debug */ = {
			isa = XCBuildConfiguration;
			buildSettings = {
				ASSETCATALOG_COMPILER_APPICON_NAME = AppIcon;
				CODE_SIGN_IDENTITY = "iPhone Developer";
				INFOPLIST_FILE = CHNBootStrapButton/Info.plist;
				LD_RUNPATH_SEARCH_PATHS = "$(inherited) @executable_path/Frameworks";
				PRODUCT_BUNDLE_IDENTIFIER = com.tsingfeng.CHNBootStrapButton;
				PRODUCT_NAME = "$(TARGET_NAME)";
			};
			name = Debug;
		};
		378741541C3A0592006CC723 /* Release */ = {
			isa = XCBuildConfiguration;
			buildSettings = {
				ASSETCATALOG_COMPILER_APPICON_NAME = AppIcon;
				CODE_SIGN_IDENTITY = "iPhone Developer";
				INFOPLIST_FILE = CHNBootStrapButton/Info.plist;
				LD_RUNPATH_SEARCH_PATHS = "$(inherited) @executable_path/Frameworks";
				PRODUCT_BUNDLE_IDENTIFIER = com.tsingfeng.CHNBootStrapButton;
				PRODUCT_NAME = "$(TARGET_NAME)";
			};
			name = Release;
		};
/* End XCBuildConfiguration section */

/* Begin XCConfigurationList section */
		378741361C3A0592006CC723 /* Build configuration list for PBXProject "CHNBootStrapButton" */ = {
			isa = XCConfigurationList;
			buildConfigurations = (
				378741501C3A0592006CC723 /* Debug */,
				378741511C3A0592006CC723 /* Release */,
			);
			defaultConfigurationIsVisible = 0;
			defaultConfigurationName = Release;
		};
		378741521C3A0592006CC723 /* Build configuration list for PBXNativeTarget "CHNBootStrapButton" */ = {
			isa = XCConfigurationList;
			buildConfigurations = (
				378741531C3A0592006CC723 /* Debug */,
				378741541C3A0592006CC723 /* Release */,
			);
			defaultConfigurationIsVisible = 0;
			defaultConfigurationName = Release;
		};
/* End XCConfigurationList section */
	};
	rootObject = 378741331C3A0592006CC723 /* Project object */;
}
